
Microsoft Visual Studio Solution File, Format Version 12.00
# Visual Studio Version 16
VisualStudioVersion = 16.0.31112.23
MinimumVisualStudioVersion = 10.0.40219.1
Project("{FAE04EC0-301F-11D3-BF4B-00C04F79EFBC}") = "WindowsFormsApp1", "WindowsFormsApp1\WindowsFormsApp1.csproj", "{CE5923A7-31F9-4881-A0E2-BCBBC9563118}"
EndProject
Global
	GlobalSection(SolutionConfigurationPlatforms) = preSolution
		Debug|Any CPU = Debug|Any CPU
		Release|Any CPU = Release|Any CPU
	EndGlobalSection
	GlobalSection(ProjectConfigurationPlatforms) = postSolution
		{CE5923A7-31F9-4881-A0E2-BCBBC9563118}.Debug|Any CPU.ActiveCfg = Debug|Any CPU
		{CE5923A7-31F9-4881-A0E2-BCBBC9563118}.Debug|Any CPU.Build.0 = Debug|Any CPU
		{CE5923A7-31F9-4881-A0E2-BCBBC9563118}.Release|Any CPU.ActiveCfg = Release|Any CPU
		{CE5923A7-31F9-4881-A0E2-BCBBC9563118}.Release|Any CPU.Build.0 = Release|Any CPU
	EndGlobalSection
	GlobalSection(SolutionProperties) = preSolution
		HideSolutionNode = FALSE
	EndGlobalSection
	GlobalSection(ExtensibilityGlobals) = postSolution
		SolutionGuid = {99FE96BE-0C92-402B-97AE-263143EDE191}
	EndGlobalSection
EndGlobal
